
Microsoft Visual Studio Solution File, Format Version 12.00
# Visual Studio Version 16
VisualStudioVersion = 16.0.33423.256
MinimumVisualStudioVersion = 10.0.40219.1
Project("{FAE04EC0-301F-11D3-BF4B-00C04F79EFBC}") = "Inheritance2", "Inheritance2\Inheritance2.csproj", "{62AC01C3-44F2-4F05-8FF6-6F93642D6DE8}"
EndProject
Global
	GlobalSection(SolutionConfigurationPlatforms) = preSolution
		Debug|Any CPU = Debug|Any CPU
		Release|Any CPU = Release|Any CPU
	EndGlobalSection
	GlobalSection(ProjectConfigurationPlatforms) = postSolution
		{62AC01C3-44F2-4F05-8FF6-6F93642D6DE8}.Debug|Any CPU.ActiveCfg = Debug|Any CPU
		{62AC01C3-44F2-4F05-8FF6-6F93642D6DE8}.Debug|Any CPU.Build.0 = Debug|Any CPU
		{62AC01C3-44F2-4F05-8FF6-6F93642D6DE8}.Release|Any CPU.ActiveCfg = Release|Any CPU
		{62AC01C3-44F2-4F05-8FF6-6F93642D6DE8}.Release|Any CPU.Build.0 = Release|Any CPU
	EndGlobalSection
	GlobalSection(SolutionProperties) = preSolution
		HideSolutionNode = FALSE
	EndGlobalSection
	GlobalSection(ExtensibilityGlobals) = postSolution
		SolutionGuid = {D4A66B26-A56E-4A94-AA01-AD3296599326}
	EndGlobalSection
EndGlobal
